
Microsoft Visual Studio Solution File, Format Version 12.00
# Visual Studio Version 17
VisualStudioVersion = 17.2.32616.157
MinimumVisualStudioVersion = 10.0.40219.1
Project("{FAE04EC0-301F-11D3-BF4B-00C04F79EFBC}") = "TP_Cursada", "TP_Cursada.csproj", "{94E05F78-71A6-4BA5-A0EE-2C6BF9F922E8}"
EndProject
Project("{FAE04EC0-301F-11D3-BF4B-00C04F79EFBC}") = "BLL", "..\BLL\BLL.csproj", "{E392F235-7B65-469D-8CDB-D83E1DBF5C7E}"
EndProject
Project("{FAE04EC0-301F-11D3-BF4B-00C04F79EFBC}") = "DAL", "..\DAL\DAL.csproj", "{0202E2A3-0B10-4959-A00C-423CE882AA69}"
EndProject
Global
	GlobalSection(SolutionConfigurationPlatforms) = preSolution
		Debug|Any CPU = Debug|Any CPU
		Release|Any CPU = Release|Any CPU
	EndGlobalSection
	GlobalSection(ProjectConfigurationPlatforms) = postSolution
		{94E05F78-71A6-4BA5-A0EE-2C6BF9F922E8}.Debug|Any CPU.ActiveCfg = Debug|Any CPU
		{94E05F78-71A6-4BA5-A0EE-2C6BF9F922E8}.Debug|Any CPU.Build.0 = Debug|Any CPU
		{94E05F78-71A6-4BA5-A0EE-2C6BF9F922E8}.Release|Any CPU.ActiveCfg = Release|Any CPU
		{94E05F78-71A6-4BA5-A0EE-2C6BF9F922E8}.Release|Any CPU.Build.0 = Release|Any CPU
		{E392F235-7B65-469D-8CDB-D83E1DBF5C7E}.Debug|Any CPU.ActiveCfg = Debug|Any CPU
		{E392F235-7B65-469D-8CDB-D83E1DBF5C7E}.Debug|Any CPU.Build.0 = Debug|Any CPU
		{E392F235-7B65-469D-8CDB-D83E1DBF5C7E}.Release|Any CPU.ActiveCfg = Release|Any CPU
		{E392F235-7B65-469D-8CDB-D83E1DBF5C7E}.Release|Any CPU.Build.0 = Release|Any CPU
		{0202E2A3-0B10-4959-A00C-423CE882AA69}.Debug|Any CPU.ActiveCfg = Debug|Any CPU
		{0202E2A3-0B10-4959-A00C-423CE882AA69}.Debug|Any CPU.Build.0 = Debug|Any CPU
		{0202E2A3-0B10-4959-A00C-423CE882AA69}.Release|Any CPU.ActiveCfg = Release|Any CPU
		{0202E2A3-0B10-4959-A00C-423CE882AA69}.Release|Any CPU.Build.0 = Release|Any CPU
	EndGlobalSection
	GlobalSection(SolutionProperties) = preSolution
		HideSolutionNode = FALSE
	EndGlobalSection
	GlobalSection(ExtensibilityGlobals) = postSolution
		SolutionGuid = {E10846BF-B3FE-4EED-BC20-1D3568A398F1}
	EndGlobalSection
EndGlobal
