
Microsoft Visual Studio Solution File, Format Version 12.00
# Visual Studio Version 17
VisualStudioVersion = 17.2.32616.157
MinimumVisualStudioVersion = 10.0.40219.1
Project("{FAE04EC0-301F-11D3-BF4B-00C04F79EFBC}") = "TP_Cursada", "TP_Cursada\TP_Cursada.csproj", "{DD1ABB3B-3774-4B34-B7F5-EDA5DA58D13E}"
EndProject
Project("{FAE04EC0-301F-11D3-BF4B-00C04F79EFBC}") = "BLL", "BLL\BLL.csproj", "{721590B1-9463-4056-A48D-8C8CA9FD2BDB}"
EndProject
Project("{FAE04EC0-301F-11D3-BF4B-00C04F79EFBC}") = "DAL", "DAL\DAL.csproj", "{B1B3EA30-CF68-4FF6-8D2B-EA21D1E034F4}"
EndProject
Global
	GlobalSection(SolutionConfigurationPlatforms) = preSolution
		Debug|Any CPU = Debug|Any CPU
		Release|Any CPU = Release|Any CPU
	EndGlobalSection
	GlobalSection(ProjectConfigurationPlatforms) = postSolution
		{DD1ABB3B-3774-4B34-B7F5-EDA5DA58D13E}.Debug|Any CPU.ActiveCfg = Debug|Any CPU
		{DD1ABB3B-3774-4B34-B7F5-EDA5DA58D13E}.Debug|Any CPU.Build.0 = Debug|Any CPU
		{DD1ABB3B-3774-4B34-B7F5-EDA5DA58D13E}.Release|Any CPU.ActiveCfg = Release|Any CPU
		{DD1ABB3B-3774-4B34-B7F5-EDA5DA58D13E}.Release|Any CPU.Build.0 = Release|Any CPU
		{721590B1-9463-4056-A48D-8C8CA9FD2BDB}.Debug|Any CPU.ActiveCfg = Debug|Any CPU
		{721590B1-9463-4056-A48D-8C8CA9FD2BDB}.Debug|Any CPU.Build.0 = Debug|Any CPU
		{721590B1-9463-4056-A48D-8C8CA9FD2BDB}.Release|Any CPU.ActiveCfg = Release|Any CPU
		{721590B1-9463-4056-A48D-8C8CA9FD2BDB}.Release|Any CPU.Build.0 = Release|Any CPU
		{B1B3EA30-CF68-4FF6-8D2B-EA21D1E034F4}.Debug|Any CPU.ActiveCfg = Debug|Any CPU
		{B1B3EA30-CF68-4FF6-8D2B-EA21D1E034F4}.Debug|Any CPU.Build.0 = Debug|Any CPU
		{B1B3EA30-CF68-4FF6-8D2B-EA21D1E034F4}.Release|Any CPU.ActiveCfg = Release|Any CPU
		{B1B3EA30-CF68-4FF6-8D2B-EA21D1E034F4}.Release|Any CPU.Build.0 = Release|Any CPU
	EndGlobalSection
	GlobalSection(SolutionProperties) = preSolution
		HideSolutionNode = FALSE
	EndGlobalSection
	GlobalSection(ExtensibilityGlobals) = postSolution
		SolutionGuid = {1BAD3384-A941-4752-A171-2F18E31A7B43}
	EndGlobalSection
EndGlobal
